
Microsoft Visual Studio Solution File, Format Version 12.00
# Visual Studio Version 17
VisualStudioVersion = 17.13.35919.96 d17.13
MinimumVisualStudioVersion = 10.0.40219.1
Project("{FAE04EC0-301F-11D3-BF4B-00C04F79EFBC}") = "AsynchronousProgramming", "AsynchronousProgramming\AsynchronousProgramming.csproj", "{ECC60980-B15B-43BA-9C7D-3DB75ADD642B}"
EndProject
Global
	GlobalSection(SolutionConfigurationPlatforms) = preSolution
		Debug|Any CPU = Debug|Any CPU
		Release|Any CPU = Release|Any CPU
	EndGlobalSection
	GlobalSection(ProjectConfigurationPlatforms) = postSolution
		{ECC60980-B15B-43BA-9C7D-3DB75ADD642B}.Debug|Any CPU.ActiveCfg = Debug|Any CPU
		{ECC60980-B15B-43BA-9C7D-3DB75ADD642B}.Debug|Any CPU.Build.0 = Debug|Any CPU
		{ECC60980-B15B-43BA-9C7D-3DB75ADD642B}.Release|Any CPU.ActiveCfg = Release|Any CPU
		{ECC60980-B15B-43BA-9C7D-3DB75ADD642B}.Release|Any CPU.Build.0 = Release|Any CPU
	EndGlobalSection
	GlobalSection(SolutionProperties) = preSolution
		HideSolutionNode = FALSE
	EndGlobalSection
	GlobalSection(ExtensibilityGlobals) = postSolution
		SolutionGuid = {607F73E9-9F4F-4261-A24F-3DB080838424}
	EndGlobalSection
EndGlobal
